
Microsoft Visual Studio Solution File, Format Version 11.00
# Visual Studio 2010
Project("{FAE04EC0-301F-11D3-BF4B-00C04F79EFBC}") = "PrincipiosSOLID", "PrincipiosSOLID\PrincipiosSOLID.csproj", "{D8151A47-39C7-457B-8159-033BDDDF8D8C}"
EndProject
Project("{FAE04EC0-301F-11D3-BF4B-00C04F79EFBC}") = "SPR", "SPR\SPR.csproj", "{AB0D23C3-C5F3-4751-A296-3797B1637AC0}"
EndProject
Project("{FAE04EC0-301F-11D3-BF4B-00C04F79EFBC}") = "NoSPR", "NoSPR\NoSPR.csproj", "{94E4F672-5E99-4B8E-A7DE-3607F6E9E0F6}"
EndProject
Project("{FAE04EC0-301F-11D3-BF4B-00C04F79EFBC}") = "SimuladorSenial", "SimuladorSenial\SimuladorSenial.csproj", "{73EAC079-AE19-4830-8215-99E70D873815}"
EndProject
Global
	GlobalSection(SolutionConfigurationPlatforms) = preSolution
		Debug|x86 = Debug|x86
		Release|x86 = Release|x86
	EndGlobalSection
	GlobalSection(ProjectConfigurationPlatforms) = postSolution
		{73EAC079-AE19-4830-8215-99E70D873815}.Debug|x86.ActiveCfg = Debug|x86
		{73EAC079-AE19-4830-8215-99E70D873815}.Debug|x86.Build.0 = Debug|x86
		{73EAC079-AE19-4830-8215-99E70D873815}.Release|x86.ActiveCfg = Release|x86
		{73EAC079-AE19-4830-8215-99E70D873815}.Release|x86.Build.0 = Release|x86
		{94E4F672-5E99-4B8E-A7DE-3607F6E9E0F6}.Debug|x86.ActiveCfg = Debug|x86
		{94E4F672-5E99-4B8E-A7DE-3607F6E9E0F6}.Debug|x86.Build.0 = Debug|x86
		{94E4F672-5E99-4B8E-A7DE-3607F6E9E0F6}.Release|x86.ActiveCfg = Release|x86
		{94E4F672-5E99-4B8E-A7DE-3607F6E9E0F6}.Release|x86.Build.0 = Release|x86
		{AB0D23C3-C5F3-4751-A296-3797B1637AC0}.Debug|x86.ActiveCfg = Debug|x86
		{AB0D23C3-C5F3-4751-A296-3797B1637AC0}.Debug|x86.Build.0 = Debug|x86
		{AB0D23C3-C5F3-4751-A296-3797B1637AC0}.Release|x86.ActiveCfg = Release|x86
		{AB0D23C3-C5F3-4751-A296-3797B1637AC0}.Release|x86.Build.0 = Release|x86
		{D8151A47-39C7-457B-8159-033BDDDF8D8C}.Debug|x86.ActiveCfg = Debug|x86
		{D8151A47-39C7-457B-8159-033BDDDF8D8C}.Debug|x86.Build.0 = Debug|x86
		{D8151A47-39C7-457B-8159-033BDDDF8D8C}.Release|x86.ActiveCfg = Release|x86
		{D8151A47-39C7-457B-8159-033BDDDF8D8C}.Release|x86.Build.0 = Release|x86
	EndGlobalSection
	GlobalSection(MonoDevelopProperties) = preSolution
		StartupItem = SimuladorSenial\SimuladorSenial.csproj
	EndGlobalSection
EndGlobal
