
Microsoft Visual Studio Solution File, Format Version 12.00
# Visual Studio 2012
Project("{FAE04EC0-301F-11D3-BF4B-00C04F79EFBC}") = "SOLID.Consola2", "SOLID.Consola2\SOLID.Consola2.csproj", "{592972A7-F115-4372-978C-EBD4088F048D}"
EndProject
Project("{FAE04EC0-301F-11D3-BF4B-00C04F79EFBC}") = "REP.EjemploSenial.Modelo", "REP.EjemploSenial.Modelo\REP.EjemploSenial.Modelo.csproj", "{695D4F79-4A55-481D-8120-BF985A409632}"
EndProject
Project("{FAE04EC0-301F-11D3-BF4B-00C04F79EFBC}") = "REP.EjemploSenial.Utils", "REP.EjemploSenial.Utils\REP.EjemploSenial.Utils.csproj", "{0272A7ED-8EDD-403B-AB98-F1636F6C77C4}"
EndProject
Project("{FAE04EC0-301F-11D3-BF4B-00C04F79EFBC}") = "REP.EjemploSenial.DAO", "REP.EjemploSenial.DAO\REP.EjemploSenial.DAO.csproj", "{1818F7CE-14C3-4DC1-BBF5-7278FFC23A68}"
EndProject
Project("{FAE04EC0-301F-11D3-BF4B-00C04F79EFBC}") = "REP.EjemploSenial.Identificador", "REP.EjemploSenial.Identificador\REP.EjemploSenial.Identificador.csproj", "{91B96244-1D58-4F5B-8EAD-54BE20140538}"
EndProject
Project("{FAE04EC0-301F-11D3-BF4B-00C04F79EFBC}") = "REP.EjemploSenial.Procesador", "REP.EjemploSenial.Procesador\REP.EjemploSenial.Procesador.csproj", "{38B9DE79-62B2-49D6-B753-5BF0FF986BE7}"
EndProject
Project("{FAE04EC0-301F-11D3-BF4B-00C04F79EFBC}") = "REP.EjemploSenial.Visualizador", "REP.EjemploSenial.Visualizador\REP.EjemploSenial.Visualizador.csproj", "{3B0DEDFE-BAC0-4037-97E8-E36934A5E7FC}"
EndProject
Project("{FAE04EC0-301F-11D3-BF4B-00C04F79EFBC}") = "SOLID.Consola", "SOLID.Consola\SOLID.Consola.csproj", "{0B6183EF-6B32-4E13-93FF-F96AD53C0DFD}"
EndProject
Project("{FAE04EC0-301F-11D3-BF4B-00C04F79EFBC}") = "REP.EjemploSenial.Adquisidor", "REP.EjemploSenial.Adquisidor\REP.EjemploSenial.Adquisidor.csproj", "{EAE32FEE-6340-45E2-8AE5-617795ACE624}"
EndProject
Project("{FAE04EC0-301F-11D3-BF4B-00C04F79EFBC}") = "SOLID.GUI", "SOLID.GUI\SOLID.GUI.csproj", "{1EAC9AB7-0363-4446-9C1D-1E83A965BDB5}"
EndProject
Project("{FAE04EC0-301F-11D3-BF4B-00C04F79EFBC}") = "CCP.EjemploSenial.Utils", "CCP.EjemploSenial.Utils\CCP.EjemploSenial.Utils.csproj", "{A05DF616-32EE-47A1-A5E6-A202BF7A2998}"
EndProject
Project("{FAE04EC0-301F-11D3-BF4B-00C04F79EFBC}") = "CCP.EjemploSenial.Modelo", "CCP.EjemploSenial.Modelo\CCP.EjemploSenial.Modelo.csproj", "{92E6ADB8-822D-466F-B1DA-114BDAE105C3}"
EndProject
Project("{FAE04EC0-301F-11D3-BF4B-00C04F79EFBC}") = "CCP.EjemploSenial.IOConsola", "CCP.EjemploSeñal.IOConsola\CCP.EjemploSenial.IOConsola.csproj", "{B3B100BB-3232-4F88-BFB9-ACF9A3DC24BC}"
EndProject
Project("{FAE04EC0-301F-11D3-BF4B-00C04F79EFBC}") = "CCP.EjemploSenial.Datos", "CCP.EjemploSeñal.Datos\CCP.EjemploSenial.Datos.csproj", "{847465E7-1B47-4C12-9725-B50413D81C22}"
EndProject
Project("{FAE04EC0-301F-11D3-BF4B-00C04F79EFBC}") = "CCP.EjemploSenial.Dominio", "CCP.EjemploSenial.Dominio\CCP.EjemploSenial.Dominio.csproj", "{223594AF-6B0B-4DD6-BDD1-F24BAAD60315}"
EndProject
Project("{FAE04EC0-301F-11D3-BF4B-00C04F79EFBC}") = "SOLID.Consola3", "SOLID.Consola3\SOLID.Consola3.csproj", "{D5593C60-C550-4105-BD5C-367092C1BE52}"
EndProject
Global
	GlobalSection(SolutionConfigurationPlatforms) = preSolution
		Debug|Any CPU = Debug|Any CPU
		Release|Any CPU = Release|Any CPU
	EndGlobalSection
	GlobalSection(ProjectConfigurationPlatforms) = postSolution
		{0272A7ED-8EDD-403B-AB98-F1636F6C77C4}.Debug|Any CPU.ActiveCfg = Debug|Any CPU
		{0272A7ED-8EDD-403B-AB98-F1636F6C77C4}.Debug|Any CPU.Build.0 = Debug|Any CPU
		{0272A7ED-8EDD-403B-AB98-F1636F6C77C4}.Release|Any CPU.ActiveCfg = Release|Any CPU
		{0272A7ED-8EDD-403B-AB98-F1636F6C77C4}.Release|Any CPU.Build.0 = Release|Any CPU
		{0B6183EF-6B32-4E13-93FF-F96AD53C0DFD}.Debug|Any CPU.ActiveCfg = Debug|Any CPU
		{0B6183EF-6B32-4E13-93FF-F96AD53C0DFD}.Debug|Any CPU.Build.0 = Debug|Any CPU
		{0B6183EF-6B32-4E13-93FF-F96AD53C0DFD}.Release|Any CPU.ActiveCfg = Release|Any CPU
		{0B6183EF-6B32-4E13-93FF-F96AD53C0DFD}.Release|Any CPU.Build.0 = Release|Any CPU
		{1818F7CE-14C3-4DC1-BBF5-7278FFC23A68}.Debug|Any CPU.ActiveCfg = Debug|Any CPU
		{1818F7CE-14C3-4DC1-BBF5-7278FFC23A68}.Debug|Any CPU.Build.0 = Debug|Any CPU
		{1818F7CE-14C3-4DC1-BBF5-7278FFC23A68}.Release|Any CPU.ActiveCfg = Release|Any CPU
		{1818F7CE-14C3-4DC1-BBF5-7278FFC23A68}.Release|Any CPU.Build.0 = Release|Any CPU
		{1EAC9AB7-0363-4446-9C1D-1E83A965BDB5}.Debug|Any CPU.ActiveCfg = Debug|Any CPU
		{1EAC9AB7-0363-4446-9C1D-1E83A965BDB5}.Debug|Any CPU.Build.0 = Debug|Any CPU
		{1EAC9AB7-0363-4446-9C1D-1E83A965BDB5}.Release|Any CPU.ActiveCfg = Release|Any CPU
		{1EAC9AB7-0363-4446-9C1D-1E83A965BDB5}.Release|Any CPU.Build.0 = Release|Any CPU
		{223594AF-6B0B-4DD6-BDD1-F24BAAD60315}.Debug|Any CPU.ActiveCfg = Debug|Any CPU
		{223594AF-6B0B-4DD6-BDD1-F24BAAD60315}.Debug|Any CPU.Build.0 = Debug|Any CPU
		{223594AF-6B0B-4DD6-BDD1-F24BAAD60315}.Release|Any CPU.ActiveCfg = Release|Any CPU
		{223594AF-6B0B-4DD6-BDD1-F24BAAD60315}.Release|Any CPU.Build.0 = Release|Any CPU
		{38B9DE79-62B2-49D6-B753-5BF0FF986BE7}.Debug|Any CPU.ActiveCfg = Debug|Any CPU
		{38B9DE79-62B2-49D6-B753-5BF0FF986BE7}.Debug|Any CPU.Build.0 = Debug|Any CPU
		{38B9DE79-62B2-49D6-B753-5BF0FF986BE7}.Release|Any CPU.ActiveCfg = Release|Any CPU
		{38B9DE79-62B2-49D6-B753-5BF0FF986BE7}.Release|Any CPU.Build.0 = Release|Any CPU
		{3B0DEDFE-BAC0-4037-97E8-E36934A5E7FC}.Debug|Any CPU.ActiveCfg = Debug|Any CPU
		{3B0DEDFE-BAC0-4037-97E8-E36934A5E7FC}.Debug|Any CPU.Build.0 = Debug|Any CPU
		{3B0DEDFE-BAC0-4037-97E8-E36934A5E7FC}.Release|Any CPU.ActiveCfg = Release|Any CPU
		{3B0DEDFE-BAC0-4037-97E8-E36934A5E7FC}.Release|Any CPU.Build.0 = Release|Any CPU
		{592972A7-F115-4372-978C-EBD4088F048D}.Debug|Any CPU.ActiveCfg = Debug|Any CPU
		{592972A7-F115-4372-978C-EBD4088F048D}.Debug|Any CPU.Build.0 = Debug|Any CPU
		{592972A7-F115-4372-978C-EBD4088F048D}.Release|Any CPU.ActiveCfg = Release|Any CPU
		{592972A7-F115-4372-978C-EBD4088F048D}.Release|Any CPU.Build.0 = Release|Any CPU
		{695D4F79-4A55-481D-8120-BF985A409632}.Debug|Any CPU.ActiveCfg = Debug|Any CPU
		{695D4F79-4A55-481D-8120-BF985A409632}.Debug|Any CPU.Build.0 = Debug|Any CPU
		{695D4F79-4A55-481D-8120-BF985A409632}.Release|Any CPU.ActiveCfg = Release|Any CPU
		{695D4F79-4A55-481D-8120-BF985A409632}.Release|Any CPU.Build.0 = Release|Any CPU
		{847465E7-1B47-4C12-9725-B50413D81C22}.Debug|Any CPU.ActiveCfg = Debug|Any CPU
		{847465E7-1B47-4C12-9725-B50413D81C22}.Debug|Any CPU.Build.0 = Debug|Any CPU
		{847465E7-1B47-4C12-9725-B50413D81C22}.Release|Any CPU.ActiveCfg = Release|Any CPU
		{847465E7-1B47-4C12-9725-B50413D81C22}.Release|Any CPU.Build.0 = Release|Any CPU
		{91B96244-1D58-4F5B-8EAD-54BE20140538}.Debug|Any CPU.ActiveCfg = Debug|Any CPU
		{91B96244-1D58-4F5B-8EAD-54BE20140538}.Debug|Any CPU.Build.0 = Debug|Any CPU
		{91B96244-1D58-4F5B-8EAD-54BE20140538}.Release|Any CPU.ActiveCfg = Release|Any CPU
		{91B96244-1D58-4F5B-8EAD-54BE20140538}.Release|Any CPU.Build.0 = Release|Any CPU
		{92E6ADB8-822D-466F-B1DA-114BDAE105C3}.Debug|Any CPU.ActiveCfg = Debug|Any CPU
		{92E6ADB8-822D-466F-B1DA-114BDAE105C3}.Debug|Any CPU.Build.0 = Debug|Any CPU
		{92E6ADB8-822D-466F-B1DA-114BDAE105C3}.Release|Any CPU.ActiveCfg = Release|Any CPU
		{92E6ADB8-822D-466F-B1DA-114BDAE105C3}.Release|Any CPU.Build.0 = Release|Any CPU
		{A05DF616-32EE-47A1-A5E6-A202BF7A2998}.Debug|Any CPU.ActiveCfg = Debug|Any CPU
		{A05DF616-32EE-47A1-A5E6-A202BF7A2998}.Debug|Any CPU.Build.0 = Debug|Any CPU
		{A05DF616-32EE-47A1-A5E6-A202BF7A2998}.Release|Any CPU.ActiveCfg = Release|Any CPU
		{A05DF616-32EE-47A1-A5E6-A202BF7A2998}.Release|Any CPU.Build.0 = Release|Any CPU
		{B3B100BB-3232-4F88-BFB9-ACF9A3DC24BC}.Debug|Any CPU.ActiveCfg = Debug|Any CPU
		{B3B100BB-3232-4F88-BFB9-ACF9A3DC24BC}.Debug|Any CPU.Build.0 = Debug|Any CPU
		{B3B100BB-3232-4F88-BFB9-ACF9A3DC24BC}.Release|Any CPU.ActiveCfg = Release|Any CPU
		{B3B100BB-3232-4F88-BFB9-ACF9A3DC24BC}.Release|Any CPU.Build.0 = Release|Any CPU
		{D5593C60-C550-4105-BD5C-367092C1BE52}.Debug|Any CPU.ActiveCfg = Debug|Any CPU
		{D5593C60-C550-4105-BD5C-367092C1BE52}.Debug|Any CPU.Build.0 = Debug|Any CPU
		{D5593C60-C550-4105-BD5C-367092C1BE52}.Release|Any CPU.ActiveCfg = Release|Any CPU
		{D5593C60-C550-4105-BD5C-367092C1BE52}.Release|Any CPU.Build.0 = Release|Any CPU
		{EAE32FEE-6340-45E2-8AE5-617795ACE624}.Debug|Any CPU.ActiveCfg = Debug|Any CPU
		{EAE32FEE-6340-45E2-8AE5-617795ACE624}.Debug|Any CPU.Build.0 = Debug|Any CPU
		{EAE32FEE-6340-45E2-8AE5-617795ACE624}.Release|Any CPU.ActiveCfg = Release|Any CPU
		{EAE32FEE-6340-45E2-8AE5-617795ACE624}.Release|Any CPU.Build.0 = Release|Any CPU
	EndGlobalSection
	GlobalSection(MonoDevelopProperties) = preSolution
		StartupItem = SOLID.GUI\SOLID.GUI.csproj
	EndGlobalSection
	GlobalSection(SolutionProperties) = preSolution
		HideSolutionNode = FALSE
	EndGlobalSection
EndGlobal
