
Microsoft Visual Studio Solution File, Format Version 11.00
# Visual C# Express 2010
Project("{FAE04EC0-301F-11D3-BF4B-00C04F79EFBC}") = "LSP", "LSP\LSP.csproj", "{56C2D966-E072-44B6-99C7-82AAB8FE181F}"
EndProject
Project("{FAE04EC0-301F-11D3-BF4B-00C04F79EFBC}") = "NoLSP", "NoLSP\NoLSP.csproj", "{F341E677-3A36-49AE-9758-630E4AF24777}"
EndProject
Global
	GlobalSection(SolutionConfigurationPlatforms) = preSolution
		Debug|x86 = Debug|x86
		Release|x86 = Release|x86
	EndGlobalSection
	GlobalSection(ProjectConfigurationPlatforms) = postSolution
		{56C2D966-E072-44B6-99C7-82AAB8FE181F}.Debug|x86.ActiveCfg = Debug|x86
		{56C2D966-E072-44B6-99C7-82AAB8FE181F}.Debug|x86.Build.0 = Debug|x86
		{56C2D966-E072-44B6-99C7-82AAB8FE181F}.Release|x86.ActiveCfg = Release|x86
		{56C2D966-E072-44B6-99C7-82AAB8FE181F}.Release|x86.Build.0 = Release|x86
		{F341E677-3A36-49AE-9758-630E4AF24777}.Debug|x86.ActiveCfg = Debug|x86
		{F341E677-3A36-49AE-9758-630E4AF24777}.Debug|x86.Build.0 = Debug|x86
		{F341E677-3A36-49AE-9758-630E4AF24777}.Release|x86.ActiveCfg = Release|x86
		{F341E677-3A36-49AE-9758-630E4AF24777}.Release|x86.Build.0 = Release|x86
	EndGlobalSection
	GlobalSection(SolutionProperties) = preSolution
		HideSolutionNode = FALSE
	EndGlobalSection
EndGlobal
